
Microsoft Visual Studio Solution File, Format Version 12.00
# Visual Studio Version 17
VisualStudioVersion = 17.2.32602.215
MinimumVisualStudioVersion = 10.0.40219.1
Project("{FAE04EC0-301F-11D3-BF4B-00C04F79EFBC}") = "Study.UserIdentity.Mongo", "Study.UserIdentity.Mongo\Study.UserIdentity.Mongo.csproj", "{BD5BE1FC-A193-4DEE-8F84-4EA6EA888824}"
EndProject
Global
	GlobalSection(SolutionConfigurationPlatforms) = preSolution
		Debug|Any CPU = Debug|Any CPU
		Release|Any CPU = Release|Any CPU
	EndGlobalSection
	GlobalSection(ProjectConfigurationPlatforms) = postSolution
		{BD5BE1FC-A193-4DEE-8F84-4EA6EA888824}.Debug|Any CPU.ActiveCfg = Debug|Any CPU
		{BD5BE1FC-A193-4DEE-8F84-4EA6EA888824}.Debug|Any CPU.Build.0 = Debug|Any CPU
		{BD5BE1FC-A193-4DEE-8F84-4EA6EA888824}.Release|Any CPU.ActiveCfg = Release|Any CPU
		{BD5BE1FC-A193-4DEE-8F84-4EA6EA888824}.Release|Any CPU.Build.0 = Release|Any CPU
	EndGlobalSection
	GlobalSection(SolutionProperties) = preSolution
		HideSolutionNode = FALSE
	EndGlobalSection
	GlobalSection(ExtensibilityGlobals) = postSolution
		SolutionGuid = {4866B647-4BC7-4F33-A771-B8C78D5994F6}
	EndGlobalSection
EndGlobal
